{"is_source_file": false, "format": "", "description": "", "external_files": [], "external_methods": [], "published": [], "classes": [], "methods": [], "calls": [], "search-terms": [], "state": 2, "file_id": 25, "knowledge_revision": 53, "git_revision": "7778d7d9f0fc8dc7d67974390832887d80528b42", "filename": "/home/kavia/workspace/code-generation/riverquest-the-strategic-crossing-94110-94117/main_container_for_riverquest/post_process_status.lock", "hash": "e9b4c3b42cef0193b7fddb548d37e652", "format-version": 4, "code-base-name": "default", "revision_history": [{"53": "7778d7d9f0fc8dc7d67974390832887d80528b42"}]}